// !$*UTF8*$!
{
	archiveVersion = 1;
	classes = {
	};
	objectVersion = 50;
	objects = {

/* Begin PBXBuildFile section */
		235BEC5E2215B34600A5AF09 /* AppDelegate.swift in Sources */ = {isa = PBXBuildFile; fileRef = 235BEC5D2215B34600A5AF09 /* AppDelegate.swift */; };
		235BEC602215B34700A5AF09 /* ViewController.swift in Sources */ = {isa = PBXBuildFile; fileRef = 235BEC5F2215B34700A5AF09 /* ViewController.swift */; };
		235BEC632215B34700A5AF09 /* Main.storyboard in Resources */ = {isa = PBXBuildFile; fileRef = 235BEC612215B34700A5AF09 /* Main.storyboard */; };
		235BEC652215B34700A5AF09 /* Assets.xcassets in Resources */ = {isa = PBXBuildFile; fileRef = 235BEC642215B34700A5AF09 /* Assets.xcassets */; };
		235BEC682215B34700A5AF09 /* LaunchScreen.storyboard in Resources */ = {isa = PBXBuildFile; fileRef = 235BEC662215B34700A5AF09 /* LaunchScreen.storyboard */; };
		235BEC732215B34700A5AF09 /* LightTests.swift in Sources */ = {isa = PBXBuildFile; fileRef = 235BEC722215B34700A5AF09 /* LightTests.swift */; };
		235BEC7E2215B34700A5AF09 /* LightUITests.swift in Sources */ = {isa = PBXBuildFile; fileRef = 235BEC7D2215B34700A5AF09 /* LightUITests.swift */; };
/* End PBXBuildFile section */

/* Begin PBXContainerItemProxy section */
		235BEC6F2215B34700A5AF09 /* PBXContainerItemProxy */ = {
			isa = PBXContainerItemProxy;
			containerPortal = 235BEC522215B34600A5AF09 /* Project object */;
			proxyType = 1;
			remoteGlobalIDString = 235BEC592215B34600A5AF09;
			remoteInfo = Light;
		};
		235BEC7A2215B34700A5AF09 /* PBXContainerItemProxy */ = {
			isa = PBXContainerItemProxy;
			containerPortal = 235BEC522215B34600A5AF09 /* Project object */;
			proxyType = 1;
			remoteGlobalIDString = 235BEC592215B34600A5AF09;
			remoteInfo = Light;
		};
/* End PBXContainerItemProxy section */

/* Begin PBXFileReference section */
		235BEC5A2215B34600A5AF09 /* Light.app */ = {isa = PBXFileReference; explicitFileType = wrapper.application; includeInIndex = 0; path = Light.app; sourceTree = BUILT_PRODUCTS_DIR; };
		235BEC5D2215B34600A5AF09 /* AppDelegate.swift */ = {isa = PBXFileReference; lastKnownFileType = sourcecode.swift; path = AppDelegate.swift; sourceTree = "<group>"; };
		235BEC5F2215B34700A5AF09 /* ViewController.swift */ = {isa = PBXFileReference; lastKnownFileType = sourcecode.swift; path = ViewController.swift; sourceTree = "<group>"; };
		235BEC622215B34700A5AF09 /* Base */ = {isa = PBXFileReference; lastKnownFileType = file.storyboard; name = Base; path = Base.lproj/Main.storyboard; sourceTree = "<group>"; };
		235BEC642215B34700A5AF09 /* Assets.xcassets */ = {isa = PBXFileReference; lastKnownFileType = folder.assetcatalog; path = Assets.xcassets; sourceTree = "<group>"; };
		235BEC672215B34700A5AF09 /* Base */ = {isa = PBXFileReference; lastKnownFileType = file.storyboard; name = Base; path = Base.lproj/LaunchScreen.storyboard; sourceTree = "<group>"; };
		235BEC692215B34700A5AF09 /* Info.plist */ = {isa = PBXFileReference; lastKnownFileType = text.plist.xml; path = Info.plist; sourceTree = "<group>"; };
		235BEC6E2215B34700A5AF09 /* LightTests.xctest */ = {isa = PBXFileReference; explicitFileType = wrapper.cfbundle; includeInIndex = 0; path = LightTests.xctest; sourceTree = BUILT_PRODUCTS_DIR; };
		235BEC722215B34700A5AF09 /* LightTests.swift */ = {isa = PBXFileReference; lastKnownFileType = sourcecode.swift; path = LightTests.swift; sourceTree = "<group>"; };
		235BEC742215B34700A5AF09 /* Info.plist */ = {isa = PBXFileReference; lastKnownFileType = text.plist.xml; path = Info.plist; sourceTree = "<group>"; };
		235BEC792215B34700A5AF09 /* LightUITests.xctest */ = {isa = PBXFileReference; explicitFileType = wrapper.cfbundle; includeInIndex = 0; path = LightUITests.xctest; sourceTree = BUILT_PRODUCTS_DIR; };
		235BEC7D2215B34700A5AF09 /* LightUITests.swift */ = {isa = PBXFileReference; lastKnownFileType = sourcecode.swift; path = LightUITests.swift; sourceTree = "<group>"; };
		235BEC7F2215B34700A5AF09 /* Info.plist */ = {isa = PBXFileReference; lastKnownFileType = text.plist.xml; path = Info.plist; sourceTree = "<group>"; };
/* End PBXFileReference section */

/* Begin PBXFrameworksBuildPhase section */
		235BEC572215B34600A5AF09 /* Frameworks */ = {
			isa = PBXFrameworksBuildPhase;
			buildActionMask = 2147483647;
			files = (
			);
			runOnlyForDeploymentPostprocessing = 0;
		};
		235BEC6B2215B34700A5AF09 /* Frameworks */ = {
			isa = PBXFrameworksBuildPhase;
			buildActionMask = 2147483647;
			files = (
			);
			runOnlyForDeploymentPostprocessing = 0;
		};
		235BEC762215B34700A5AF09 /* Frameworks */ = {
			isa = PBXFrameworksBuildPhase;
			buildActionMask = 2147483647;
			files = (
			);
			runOnlyForDeploymentPostprocessing = 0;
		};
/* End PBXFrameworksBuildPhase section */

/* Begin PBXGroup section */
		235BEC512215B34600A5AF09 = {
			isa = PBXGroup;
			children = (
				235BEC5C2215B34600A5AF09 /* Light */,
				235BEC712215B34700A5AF09 /* LightTests */,
				235BEC7C2215B34700A5AF09 /* LightUITests */,
				235BEC5B2215B34600A5AF09 /* Products */,
			);
			sourceTree = "<group>";
		};
		235BEC5B2215B34600A5AF09 /* Products */ = {
			isa = PBXGroup;
			children = (
				235BEC5A2215B34600A5AF09 /* Light.app */,
				235BEC6E2215B34700A5AF09 /* LightTests.xctest */,
				235BEC792215B34700A5AF09 /* LightUITests.xctest */,
			);
			name = Products;
			sourceTree = "<group>";
		};
		235BEC5C2215B34600A5AF09 /* Light */ = {
			isa = PBXGroup;
			children = (
				235BEC5D2215B34600A5AF09 /* AppDelegate.swift */,
				235BEC5F2215B34700A5AF09 /* ViewController.swift */,
				235BEC612215B34700A5AF09 /* Main.storyboard */,
				235BEC642215B34700A5AF09 /* Assets.xcassets */,
				235BEC662215B34700A5AF09 /* LaunchScreen.storyboard */,
				235BEC692215B34700A5AF09 /* Info.plist */,
			);
			path = Light;
			sourceTree = "<group>";
		};
		235BEC712215B34700A5AF09 /* LightTests */ = {
			isa = PBXGroup;
			children = (
				235BEC722215B34700A5AF09 /* LightTests.swift */,
				235BEC742215B34700A5AF09 /* Info.plist */,
			);
			path = LightTests;
			sourceTree = "<group>";
		};
		235BEC7C2215B34700A5AF09 /* LightUITests */ = {
			isa = PBXGroup;
			children = (
				235BEC7D2215B34700A5AF09 /* LightUITests.swift */,
				235BEC7F2215B34700A5AF09 /* Info.plist */,
			);
			path = LightUITests;
			sourceTree = "<group>";
		};
/* End PBXGroup section */

/* Begin PBXNativeTarget section */
		235BEC592215B34600A5AF09 /* Light */ = {
			isa = PBXNativeTarget;
			buildConfigurationList = 235BEC822215B34700A5AF09 /* Build configuration list for PBXNativeTarget "Light" */;
			buildPhases = (
				235BEC562215B34600A5AF09 /* Sources */,
				235BEC572215B34600A5AF09 /* Frameworks */,
				235BEC582215B34600A5AF09 /* Resources */,
			);
			buildRules = (
			);
			dependencies = (
			);
			name = Light;
			productName = Light;
			productReference = 235BEC5A2215B34600A5AF09 /* Light.app */;
			productType = "com.apple.product-type.application";
		};
		235BEC6D2215B34700A5AF09 /* LightTests */ = {
			isa = PBXNativeTarget;
			buildConfigurationList = 235BEC852215B34700A5AF09 /* Build configuration list for PBXNativeTarget "LightTests" */;
			buildPhases = (
				235BEC6A2215B34700A5AF09 /* Sources */,
				235BEC6B2215B34700A5AF09 /* Frameworks */,
				235BEC6C2215B34700A5AF09 /* Resources */,
			);
			buildRules = (
			);
			dependencies = (
				235BEC702215B34700A5AF09 /* PBXTargetDependency */,
			);
			name = LightTests;
			productName = LightTests;
			productReference = 235BEC6E2215B34700A5AF09 /* LightTests.xctest */;
			productType = "com.apple.product-type.bundle.unit-test";
		};
		235BEC782215B34700A5AF09 /* LightUITests */ = {
			isa = PBXNativeTarget;
			buildConfigurationList = 235BEC882215B34700A5AF09 /* Build configuration list for PBXNativeTarget "LightUITests" */;
			buildPhases = (
				235BEC752215B34700A5AF09 /* Sources */,
				235BEC762215B34700A5AF09 /* Frameworks */,
				235BEC772215B34700A5AF09 /* Resources */,
			);
			buildRules = (
			);
			dependencies = (
				235BEC7B2215B34700A5AF09 /* PBXTargetDependency */,
			);
			name = LightUITests;
			productName = LightUITests;
			productReference = 235BEC792215B34700A5AF09 /* LightUITests.xctest */;
			productType = "com.apple.product-type.bundle.ui-testing";
		};
/* End PBXNativeTarget section */

/* Begin PBXProject section */
		235BEC522215B34600A5AF09 /* Project object */ = {
			isa = PBXProject;
			attributes = {
				LastSwiftUpdateCheck = 1010;
				LastUpgradeCheck = 1010;
				ORGANIZATIONNAME = CJ;
				TargetAttributes = {
					235BEC592215B34600A5AF09 = {
						CreatedOnToolsVersion = 10.1;
					};
					235BEC6D2215B34700A5AF09 = {
						CreatedOnToolsVersion = 10.1;
						TestTargetID = 235BEC592215B34600A5AF09;
					};
					235BEC782215B34700A5AF09 = {
						CreatedOnToolsVersion = 10.1;
						TestTargetID = 235BEC592215B34600A5AF09;
					};
				};
			};
			buildConfigurationList = 235BEC552215B34600A5AF09 /* Build configuration list for PBXProject "Light" */;
			compatibilityVersion = "Xcode 9.3";
			developmentRegion = en;
			hasScannedForEncodings = 0;
			knownRegions = (
				en,
				Base,
			);
			mainGroup = 235BEC512215B34600A5AF09;
			productRefGroup = 235BEC5B2215B34600A5AF09 /* Products */;
			projectDirPath = "";
			projectRoot = "";
			targets = (
				235BEC592215B34600A5AF09 /* Light */,
				235BEC6D2215B34700A5AF09 /* LightTests */,
				235BEC782215B34700A5AF09 /* LightUITests */,
			);
		};
/* End PBXProject section */

/* Begin PBXResourcesBuildPhase section */
		235BEC582215B34600A5AF09 /* Resources */ = {
			isa = PBXResourcesBuildPhase;
			buildActionMask = 2147483647;
			files = (
				235BEC682215B34700A5AF09 /* LaunchScreen.storyboard in Resources */,
				235BEC652215B34700A5AF09 /* Assets.xcassets in Resources */,
				235BEC632215B34700A5AF09 /* Main.storyboard in Resources */,
			);
			runOnlyForDeploymentPostprocessing = 0;
		};
		235BEC6C2215B34700A5AF09 /* Resources */ = {
			isa = PBXResourcesBuildPhase;
			buildActionMask = 2147483647;
			files = (
			);
			runOnlyForDeploymentPostprocessing = 0;
		};
		235BEC772215B34700A5AF09 /* Resources */ = {
			isa = PBXResourcesBuildPhase;
			buildActionMask = 2147483647;
			files = (
			);
			runOnlyForDeploymentPostprocessing = 0;
		};
/* End PBXResourcesBuildPhase section */

/* Begin PBXSourcesBuildPhase section */
		235BEC562215B34600A5AF09 /* Sources */ = {
			isa = PBXSourcesBuildPhase;
			buildActionMask = 2147483647;
			files = (
				235BEC602215B34700A5AF09 /* ViewController.swift in Sources */,
				235BEC5E2215B34600A5AF09 /* AppDelegate.swift in Sources */,
			);
			runOnlyForDeploymentPostprocessing = 0;
		};
		235BEC6A2215B34700A5AF09 /* Sources */ = {
			isa = PBXSourcesBuildPhase;
			buildActionMask = 2147483647;
			files = (
				235BEC732215B34700A5AF09 /* LightTests.swift in Sources */,
			);
			runOnlyForDeploymentPostprocessing = 0;
		};
		235BEC752215B34700A5AF09 /* Sources */ = {
			isa = PBXSourcesBuildPhase;
			buildActionMask = 2147483647;
			files = (
				235BEC7E2215B34700A5AF09 /* LightUITests.swift in Sources */,
			);
			runOnlyForDeploymentPostprocessing = 0;
		};
/* End PBXSourcesBuildPhase section */

/* Begin PBXTargetDependency section */
		235BEC702215B34700A5AF09 /* PBXTargetDependency */ = {
			isa = PBXTargetDependency;
			target = 235BEC592215B34600A5AF09 /* Light */;
			targetProxy = 235BEC6F2215B34700A5AF09 /* PBXContainerItemProxy */;
		};
		235BEC7B2215B34700A5AF09 /* PBXTargetDependency */ = {
			isa = PBXTargetDependency;
			target = 235BEC592215B34600A5AF09 /* Light */;
			targetProxy = 235BEC7A2215B34700A5AF09 /* PBXContainerItemProxy */;
		};
/* End PBXTargetDependency section */

/* Begin PBXVariantGroup section */
		235BEC612215B34700A5AF09 /* Main.storyboard */ = {
			isa = PBXVariantGroup;
			children = (
				235BEC622215B34700A5AF09 /* Base */,
			);
			name = Main.storyboard;
			sourceTree = "<group>";
		};
		235BEC662215B34700A5AF09 /* LaunchScreen.storyboard */ = {
			isa = PBXVariantGroup;
			children = (
				235BEC672215B34700A5AF09 /* Base */,
			);
			name = LaunchScreen.storyboard;
			sourceTree = "<group>";
		};
/* End PBXVariantGroup section */

/* Begin XCBuildConfiguration section */
		235BEC802215B34700A5AF09 /* Debug */ = {
			isa = XCBuildConfiguration;
			buildSettings = {
				ALWAYS_SEARCH_USER_PATHS = NO;
				CLANG_ANALYZER_NONNULL = YES;
				CLANG_ANALYZER_NUMBER_OBJECT_CONVERSION = YES_AGGRESSIVE;
				CLANG_CXX_LANGUAGE_STANDARD = "gnu++14";
				CLANG_CXX_LIBRARY = "libc++";
				CLANG_ENABLE_MODULES = YES;
				CLANG_ENABLE_OBJC_ARC = YES;
				CLANG_ENABLE_OBJC_WEAK = YES;
				CLANG_WARN_BLOCK_CAPTURE_AUTORELEASING = YES;
				CLANG_WARN_BOOL_CONVERSION = YES;
				CLANG_WARN_COMMA = YES;
				CLANG_WARN_CONSTANT_CONVERSION = YES;
				CLANG_WARN_DEPRECATED_OBJC_IMPLEMENTATIONS = YES;
				CLANG_WARN_DIRECT_OBJC_ISA_USAGE = YES_ERROR;
				CLANG_WARN_DOCUMENTATION_COMMENTS = YES;
				CLANG_WARN_EMPTY_BODY = YES;
				CLANG_WARN_ENUM_CONVERSION = YES;
				CLANG_WARN_INFINITE_RECURSION = YES;
				CLANG_WARN_INT_CONVERSION = YES;
				CLANG_WARN_NON_LITERAL_NULL_CONVERSION = YES;
				CLANG_WARN_OBJC_IMPLICIT_RETAIN_SELF = YES;
				CLANG_WARN_OBJC_LITERAL_CONVERSION = YES;
				CLANG_WARN_OBJC_ROOT_CLASS = YES_ERROR;
				CLANG_WARN_RANGE_LOOP_ANALYSIS = YES;
				CLANG_WARN_STRICT_PROTOTYPES = YES;
				CLANG_WARN_SUSPICIOUS_MOVE = YES;
				CLANG_WARN_UNGUARDED_AVAILABILITY = YES_AGGRESSIVE;
				CLANG_WARN_UNREACHABLE_CODE = YES;
				CLANG_WARN__DUPLICATE_METHOD_MATCH = YES;
				CODE_SIGN_IDENTITY = "iPhone Developer";
				COPY_PHASE_STRIP = NO;
				DEBUG_INFORMATION_FORMAT = dwarf;
				ENABLE_STRICT_OBJC_MSGSEND = YES;
				ENABLE_TESTABILITY = YES;
				GCC_C_LANGUAGE_STANDARD = gnu11;
				GCC_DYNAMIC_NO_PIC = NO;
				GCC_NO_COMMON_BLOCKS = YES;
				GCC_OPTIMIZATION_LEVEL = 0;
				GCC_PREPROCESSOR_DEFINITIONS = (
					"DEBUG=1",
					"$(inherited)",
				);
				GCC_WARN_64_TO_32_BIT_CONVERSION = YES;
				GCC_WARN_ABOUT_RETURN_TYPE = YES_ERROR;
				GCC_WARN_UNDECLARED_SELECTOR = YES;
				GCC_WARN_UNINITIALIZED_AUTOS = YES_AGGRESSIVE;
				GCC_WARN_UNUSED_FUNCTION = YES;
				GCC_WARN_UNUSED_VARIABLE = YES;
				IPHONEOS_DEPLOYMENT_TARGET = 12.1;
				MTL_ENABLE_DEBUG_INFO = INCLUDE_SOURCE;
				MTL_FAST_MATH = YES;
				ONLY_ACTIVE_ARCH = YES;
				SDKROOT = iphoneos;
				SWIFT_ACTIVE_COMPILATION_CONDITIONS = DEBUG;
				SWIFT_OPTIMIZATION_LEVEL = "-Onone";
			};
			name = Debug;
		};
		235BEC812215B34700A5AF09 /* Release */ = {
			isa = XCBuildConfiguration;
			buildSettings = {
				ALWAYS_SEARCH_USER_PATHS = NO;
				CLANG_ANALYZER_NONNULL = YES;
				CLANG_ANALYZER_NUMBER_OBJECT_CONVERSION = YES_AGGRESSIVE;
				CLANG_CXX_LANGUAGE_STANDARD = "gnu++14";
				CLANG_CXX_LIBRARY = "libc++";
				CLANG_ENABLE_MODULES = YES;
				CLANG_ENABLE_OBJC_ARC = YES;
				CLANG_ENABLE_OBJC_WEAK = YES;
				CLANG_WARN_BLOCK_CAPTURE_AUTORELEASING = YES;
				CLANG_WARN_BOOL_CONVERSION = YES;
				CLANG_WARN_COMMA = YES;
				CLANG_WARN_CONSTANT_CONVERSION = YES;
				CLANG_WARN_DEPRECATED_OBJC_IMPLEMENTATIONS = YES;
				CLANG_WARN_DIRECT_OBJC_ISA_USAGE = YES_ERROR;
				CLANG_WARN_DOCUMENTATION_COMMENTS = YES;
				CLANG_WARN_EMPTY_BODY = YES;
				CLANG_WARN_ENUM_CONVERSION = YES;
				CLANG_WARN_INFINITE_RECURSION = YES;
				CLANG_WARN_INT_CONVERSION = YES;
				CLANG_WARN_NON_LITERAL_NULL_CONVERSION = YES;
				CLANG_WARN_OBJC_IMPLICIT_RETAIN_SELF = YES;
				CLANG_WARN_OBJC_LITERAL_CONVERSION = YES;
				CLANG_WARN_OBJC_ROOT_CLASS = YES_ERROR;
				CLANG_WARN_RANGE_LOOP_ANALYSIS = YES;
				CLANG_WARN_STRICT_PROTOTYPES = YES;
				CLANG_WARN_SUSPICIOUS_MOVE = YES;
				CLANG_WARN_UNGUARDED_AVAILABILITY = YES_AGGRESSIVE;
				CLANG_WARN_UNREACHABLE_CODE = YES;
				CLANG_WARN__DUPLICATE_METHOD_MATCH = YES;
				CODE_SIGN_IDENTITY = "iPhone Developer";
				COPY_PHASE_STRIP = NO;
				DEBUG_INFORMATION_FORMAT = "dwarf-with-dsym";
				ENABLE_NS_ASSERTIONS = NO;
				ENABLE_STRICT_OBJC_MSGSEND = YES;
				GCC_C_LANGUAGE_STANDARD = gnu11;
				GCC_NO_COMMON_BLOCKS = YES;
				GCC_WARN_64_TO_32_BIT_CONVERSION = YES;
				GCC_WARN_ABOUT_RETURN_TYPE = YES_ERROR;
				GCC_WARN_UNDECLARED_SELECTOR = YES;
				GCC_WARN_UNINITIALIZED_AUTOS = YES_AGGRESSIVE;
				GCC_WARN_UNUSED_FUNCTION = YES;
				GCC_WARN_UNUSED_VARIABLE = YES;
				IPHONEOS_DEPLOYMENT_TARGET = 12.1;
				MTL_ENABLE_DEBUG_INFO = NO;
				MTL_FAST_MATH = YES;
				SDKROOT = iphoneos;
				SWIFT_COMPILATION_MODE = wholemodule;
				SWIFT_OPTIMIZATION_LEVEL = "-O";
				VALIDATE_PRODUCT = YES;
			};
			name = Release;
		};
		235BEC832215B34700A5AF09 /* Debug */ = {
			isa = XCBuildConfiguration;
			buildSettings = {
				ASSETCATALOG_COMPILER_APPICON_NAME = AppIcon;
				CODE_SIGN_STYLE = Automatic;
				INFOPLIST_FILE = Light/Info.plist;
				LD_RUNPATH_SEARCH_PATHS = (
					"$(inherited)",
					"@executable_path/Frameworks",
				);
				PRODUCT_BUNDLE_IDENTIFIER = org.ssfs.Light;
				PRODUCT_NAME = "$(TARGET_NAME)";
				SWIFT_VERSION = 4.2;
				TARGETED_DEVICE_FAMILY = "1,2";
			};
			name = Debug;
		};
		235BEC842215B34700A5AF09 /* Release */ = {
			isa = XCBuildConfiguration;
			buildSettings = {
				ASSETCATALOG_COMPILER_APPICON_NAME = AppIcon;
				CODE_SIGN_STYLE = Automatic;
				INFOPLIST_FILE = Light/Info.plist;
				LD_RUNPATH_SEARCH_PATHS = (
					"$(inherited)",
					"@executable_path/Frameworks",
				);
				PRODUCT_BUNDLE_IDENTIFIER = org.ssfs.Light;
				PRODUCT_NAME = "$(TARGET_NAME)";
				SWIFT_VERSION = 4.2;
				TARGETED_DEVICE_FAMILY = "1,2";
			};
			name = Release;
		};
		235BEC862215B34700A5AF09 /* Debug */ = {
			isa = XCBuildConfiguration;
			buildSettings = {
				ALWAYS_EMBED_SWIFT_STANDARD_LIBRARIES = YES;
				BUNDLE_LOADER = "$(TEST_HOST)";
				CODE_SIGN_STYLE = Automatic;
				INFOPLIST_FILE = LightTests/Info.plist;
				LD_RUNPATH_SEARCH_PATHS = (
					"$(inherited)",
					"@executable_path/Frameworks",
					"@loader_path/Frameworks",
				);
				PRODUCT_BUNDLE_IDENTIFIER = org.ssfs.LightTests;
				PRODUCT_NAME = "$(TARGET_NAME)";
				SWIFT_VERSION = 4.2;
				TARGETED_DEVICE_FAMILY = "1,2";
				TEST_HOST = "$(BUILT_PRODUCTS_DIR)/Light.app/Light";
			};
			name = Debug;
		};
		235BEC872215B34700A5AF09 /* Release */ = {
			isa = XCBuildConfiguration;
			buildSettings = {
				ALWAYS_EMBED_SWIFT_STANDARD_LIBRARIES = YES;
				BUNDLE_LOADER = "$(TEST_HOST)";
				CODE_SIGN_STYLE = Automatic;
				INFOPLIST_FILE = LightTests/Info.plist;
				LD_RUNPATH_SEARCH_PATHS = (
					"$(inherited)",
					"@executable_path/Frameworks",
					"@loader_path/Frameworks",
				);
				PRODUCT_BUNDLE_IDENTIFIER = org.ssfs.LightTests;
				PRODUCT_NAME = "$(TARGET_NAME)";
				SWIFT_VERSION = 4.2;
				TARGETED_DEVICE_FAMILY = "1,2";
				TEST_HOST = "$(BUILT_PRODUCTS_DIR)/Light.app/Light";
			};
			name = Release;
		};
		235BEC892215B34700A5AF09 /* Debug */ = {
			isa = XCBuildConfiguration;
			buildSettings = {
				ALWAYS_EMBED_SWIFT_STANDARD_LIBRARIES = YES;
				CODE_SIGN_STYLE = Automatic;
				INFOPLIST_FILE = LightUITests/Info.plist;
				LD_RUNPATH_SEARCH_PATHS = (
					"$(inherited)",
					"@executable_path/Frameworks",
					"@loader_path/Frameworks",
				);
				PRODUCT_BUNDLE_IDENTIFIER = org.ssfs.LightUITests;
				PRODUCT_NAME = "$(TARGET_NAME)";
				SWIFT_VERSION = 4.2;
				TARGETED_DEVICE_FAMILY = "1,2";
				TEST_TARGET_NAME = Light;
			};
			name = Debug;
		};
		235BEC8A2215B34700A5AF09 /* Release */ = {
			isa = XCBuildConfiguration;
			buildSettings = {
				ALWAYS_EMBED_SWIFT_STANDARD_LIBRARIES = YES;
				CODE_SIGN_STYLE = Automatic;
				INFOPLIST_FILE = LightUITests/Info.plist;
				LD_RUNPATH_SEARCH_PATHS = (
					"$(inherited)",
					"@executable_path/Frameworks",
					"@loader_path/Frameworks",
				);
				PRODUCT_BUNDLE_IDENTIFIER = org.ssfs.LightUITests;
				PRODUCT_NAME = "$(TARGET_NAME)";
				SWIFT_VERSION = 4.2;
				TARGETED_DEVICE_FAMILY = "1,2";
				TEST_TARGET_NAME = Light;
			};
			name = Release;
		};
/* End XCBuildConfiguration section */

/* Begin XCConfigurationList section */
		235BEC552215B34600A5AF09 /* Build configuration list for PBXProject "Light" */ = {
			isa = XCConfigurationList;
			buildConfigurations = (
				235BEC802215B34700A5AF09 /* Debug */,
				235BEC812215B34700A5AF09 /* Release */,
			);
			defaultConfigurationIsVisible = 0;
			defaultConfigurationName = Release;
		};
		235BEC822215B34700A5AF09 /* Build configuration list for PBXNativeTarget "Light" */ = {
			isa = XCConfigurationList;
			buildConfigurations = (
				235BEC832215B34700A5AF09 /* Debug */,
				235BEC842215B34700A5AF09 /* Release */,
			);
			defaultConfigurationIsVisible = 0;
			defaultConfigurationName = Release;
		};
		235BEC852215B34700A5AF09 /* Build configuration list for PBXNativeTarget "LightTests" */ = {
			isa = XCConfigurationList;
			buildConfigurations = (
				235BEC862215B34700A5AF09 /* Debug */,
				235BEC872215B34700A5AF09 /* Release */,
			);
			defaultConfigurationIsVisible = 0;
			defaultConfigurationName = Release;
		};
		235BEC882215B34700A5AF09 /* Build configuration list for PBXNativeTarget "LightUITests" */ = {
			isa = XCConfigurationList;
			buildConfigurations = (
				235BEC892215B34700A5AF09 /* Debug */,
				235BEC8A2215B34700A5AF09 /* Release */,
			);
			defaultConfigurationIsVisible = 0;
			defaultConfigurationName = Release;
		};
/* End XCConfigurationList section */
	};
	rootObject = 235BEC522215B34600A5AF09 /* Project object */;
}
