// !$*UTF8*$!
{
	archiveVersion = 1;
	classes = {
	};
	objectVersion = 50;
	objects = {

/* Begin PBXBuildFile section */
		23AA87222257CB300052B3B9 /* Game.swift in Sources */ = {isa = PBXBuildFile; fileRef = 23AA87212257CB300052B3B9 /* Game.swift */; };
		23FE8BE722523B5700217916 /* AppDelegate.swift in Sources */ = {isa = PBXBuildFile; fileRef = 23FE8BE622523B5700217916 /* AppDelegate.swift */; };
		23FE8BE922523B5700217916 /* ViewController.swift in Sources */ = {isa = PBXBuildFile; fileRef = 23FE8BE822523B5700217916 /* ViewController.swift */; };
		23FE8BEC22523B5700217916 /* Main.storyboard in Resources */ = {isa = PBXBuildFile; fileRef = 23FE8BEA22523B5700217916 /* Main.storyboard */; };
		23FE8BEE22523B5900217916 /* Assets.xcassets in Resources */ = {isa = PBXBuildFile; fileRef = 23FE8BED22523B5900217916 /* Assets.xcassets */; };
		23FE8BF122523B5900217916 /* LaunchScreen.storyboard in Resources */ = {isa = PBXBuildFile; fileRef = 23FE8BEF22523B5900217916 /* LaunchScreen.storyboard */; };
		23FE8BFC22523B5900217916 /* Apple_PieTests.swift in Sources */ = {isa = PBXBuildFile; fileRef = 23FE8BFB22523B5900217916 /* Apple_PieTests.swift */; };
		23FE8C0722523B5900217916 /* Apple_PieUITests.swift in Sources */ = {isa = PBXBuildFile; fileRef = 23FE8C0622523B5900217916 /* Apple_PieUITests.swift */; };
/* End PBXBuildFile section */

/* Begin PBXContainerItemProxy section */
		23FE8BF822523B5900217916 /* PBXContainerItemProxy */ = {
			isa = PBXContainerItemProxy;
			containerPortal = 23FE8BDB22523B5700217916 /* Project object */;
			proxyType = 1;
			remoteGlobalIDString = 23FE8BE222523B5700217916;
			remoteInfo = "Apple Pie";
		};
		23FE8C0322523B5900217916 /* PBXContainerItemProxy */ = {
			isa = PBXContainerItemProxy;
			containerPortal = 23FE8BDB22523B5700217916 /* Project object */;
			proxyType = 1;
			remoteGlobalIDString = 23FE8BE222523B5700217916;
			remoteInfo = "Apple Pie";
		};
/* End PBXContainerItemProxy section */

/* Begin PBXFileReference section */
		23AA87212257CB300052B3B9 /* Game.swift */ = {isa = PBXFileReference; lastKnownFileType = sourcecode.swift; path = Game.swift; sourceTree = "<group>"; };
		23FE8BE322523B5700217916 /* Apple Pie.app */ = {isa = PBXFileReference; explicitFileType = wrapper.application; includeInIndex = 0; path = "Apple Pie.app"; sourceTree = BUILT_PRODUCTS_DIR; };
		23FE8BE622523B5700217916 /* AppDelegate.swift */ = {isa = PBXFileReference; lastKnownFileType = sourcecode.swift; path = AppDelegate.swift; sourceTree = "<group>"; };
		23FE8BE822523B5700217916 /* ViewController.swift */ = {isa = PBXFileReference; lastKnownFileType = sourcecode.swift; path = ViewController.swift; sourceTree = "<group>"; };
		23FE8BEB22523B5700217916 /* Base */ = {isa = PBXFileReference; lastKnownFileType = file.storyboard; name = Base; path = Base.lproj/Main.storyboard; sourceTree = "<group>"; };
		23FE8BED22523B5900217916 /* Assets.xcassets */ = {isa = PBXFileReference; lastKnownFileType = folder.assetcatalog; path = Assets.xcassets; sourceTree = "<group>"; };
		23FE8BF022523B5900217916 /* Base */ = {isa = PBXFileReference; lastKnownFileType = file.storyboard; name = Base; path = Base.lproj/LaunchScreen.storyboard; sourceTree = "<group>"; };
		23FE8BF222523B5900217916 /* Info.plist */ = {isa = PBXFileReference; lastKnownFileType = text.plist.xml; path = Info.plist; sourceTree = "<group>"; };
		23FE8BF722523B5900217916 /* Apple PieTests.xctest */ = {isa = PBXFileReference; explicitFileType = wrapper.cfbundle; includeInIndex = 0; path = "Apple PieTests.xctest"; sourceTree = BUILT_PRODUCTS_DIR; };
		23FE8BFB22523B5900217916 /* Apple_PieTests.swift */ = {isa = PBXFileReference; lastKnownFileType = sourcecode.swift; path = Apple_PieTests.swift; sourceTree = "<group>"; };
		23FE8BFD22523B5900217916 /* Info.plist */ = {isa = PBXFileReference; lastKnownFileType = text.plist.xml; path = Info.plist; sourceTree = "<group>"; };
		23FE8C0222523B5900217916 /* Apple PieUITests.xctest */ = {isa = PBXFileReference; explicitFileType = wrapper.cfbundle; includeInIndex = 0; path = "Apple PieUITests.xctest"; sourceTree = BUILT_PRODUCTS_DIR; };
		23FE8C0622523B5900217916 /* Apple_PieUITests.swift */ = {isa = PBXFileReference; lastKnownFileType = sourcecode.swift; path = Apple_PieUITests.swift; sourceTree = "<group>"; };
		23FE8C0822523B5900217916 /* Info.plist */ = {isa = PBXFileReference; lastKnownFileType = text.plist.xml; path = Info.plist; sourceTree = "<group>"; };
/* End PBXFileReference section */

/* Begin PBXFrameworksBuildPhase section */
		23FE8BE022523B5700217916 /* Frameworks */ = {
			isa = PBXFrameworksBuildPhase;
			buildActionMask = 2147483647;
			files = (
			);
			runOnlyForDeploymentPostprocessing = 0;
		};
		23FE8BF422523B5900217916 /* Frameworks */ = {
			isa = PBXFrameworksBuildPhase;
			buildActionMask = 2147483647;
			files = (
			);
			runOnlyForDeploymentPostprocessing = 0;
		};
		23FE8BFF22523B5900217916 /* Frameworks */ = {
			isa = PBXFrameworksBuildPhase;
			buildActionMask = 2147483647;
			files = (
			);
			runOnlyForDeploymentPostprocessing = 0;
		};
/* End PBXFrameworksBuildPhase section */

/* Begin PBXGroup section */
		23FE8BDA22523B5700217916 = {
			isa = PBXGroup;
			children = (
				23FE8BE522523B5700217916 /* Apple Pie */,
				23FE8BFA22523B5900217916 /* Apple PieTests */,
				23FE8C0522523B5900217916 /* Apple PieUITests */,
				23FE8BE422523B5700217916 /* Products */,
			);
			sourceTree = "<group>";
		};
		23FE8BE422523B5700217916 /* Products */ = {
			isa = PBXGroup;
			children = (
				23FE8BE322523B5700217916 /* Apple Pie.app */,
				23FE8BF722523B5900217916 /* Apple PieTests.xctest */,
				23FE8C0222523B5900217916 /* Apple PieUITests.xctest */,
			);
			name = Products;
			sourceTree = "<group>";
		};
		23FE8BE522523B5700217916 /* Apple Pie */ = {
			isa = PBXGroup;
			children = (
				23FE8BE622523B5700217916 /* AppDelegate.swift */,
				23FE8BE822523B5700217916 /* ViewController.swift */,
				23FE8BEA22523B5700217916 /* Main.storyboard */,
				23AA87212257CB300052B3B9 /* Game.swift */,
				23FE8BED22523B5900217916 /* Assets.xcassets */,
				23FE8BEF22523B5900217916 /* LaunchScreen.storyboard */,
				23FE8BF222523B5900217916 /* Info.plist */,
			);
			path = "Apple Pie";
			sourceTree = "<group>";
		};
		23FE8BFA22523B5900217916 /* Apple PieTests */ = {
			isa = PBXGroup;
			children = (
				23FE8BFB22523B5900217916 /* Apple_PieTests.swift */,
				23FE8BFD22523B5900217916 /* Info.plist */,
			);
			path = "Apple PieTests";
			sourceTree = "<group>";
		};
		23FE8C0522523B5900217916 /* Apple PieUITests */ = {
			isa = PBXGroup;
			children = (
				23FE8C0622523B5900217916 /* Apple_PieUITests.swift */,
				23FE8C0822523B5900217916 /* Info.plist */,
			);
			path = "Apple PieUITests";
			sourceTree = "<group>";
		};
/* End PBXGroup section */

/* Begin PBXNativeTarget section */
		23FE8BE222523B5700217916 /* Apple Pie */ = {
			isa = PBXNativeTarget;
			buildConfigurationList = 23FE8C0B22523B5900217916 /* Build configuration list for PBXNativeTarget "Apple Pie" */;
			buildPhases = (
				23FE8BDF22523B5700217916 /* Sources */,
				23FE8BE022523B5700217916 /* Frameworks */,
				23FE8BE122523B5700217916 /* Resources */,
			);
			buildRules = (
			);
			dependencies = (
			);
			name = "Apple Pie";
			productName = "Apple Pie";
			productReference = 23FE8BE322523B5700217916 /* Apple Pie.app */;
			productType = "com.apple.product-type.application";
		};
		23FE8BF622523B5900217916 /* Apple PieTests */ = {
			isa = PBXNativeTarget;
			buildConfigurationList = 23FE8C0E22523B5900217916 /* Build configuration list for PBXNativeTarget "Apple PieTests" */;
			buildPhases = (
				23FE8BF322523B5900217916 /* Sources */,
				23FE8BF422523B5900217916 /* Frameworks */,
				23FE8BF522523B5900217916 /* Resources */,
			);
			buildRules = (
			);
			dependencies = (
				23FE8BF922523B5900217916 /* PBXTargetDependency */,
			);
			name = "Apple PieTests";
			productName = "Apple PieTests";
			productReference = 23FE8BF722523B5900217916 /* Apple PieTests.xctest */;
			productType = "com.apple.product-type.bundle.unit-test";
		};
		23FE8C0122523B5900217916 /* Apple PieUITests */ = {
			isa = PBXNativeTarget;
			buildConfigurationList = 23FE8C1122523B5900217916 /* Build configuration list for PBXNativeTarget "Apple PieUITests" */;
			buildPhases = (
				23FE8BFE22523B5900217916 /* Sources */,
				23FE8BFF22523B5900217916 /* Frameworks */,
				23FE8C0022523B5900217916 /* Resources */,
			);
			buildRules = (
			);
			dependencies = (
				23FE8C0422523B5900217916 /* PBXTargetDependency */,
			);
			name = "Apple PieUITests";
			productName = "Apple PieUITests";
			productReference = 23FE8C0222523B5900217916 /* Apple PieUITests.xctest */;
			productType = "com.apple.product-type.bundle.ui-testing";
		};
/* End PBXNativeTarget section */

/* Begin PBXProject section */
		23FE8BDB22523B5700217916 /* Project object */ = {
			isa = PBXProject;
			attributes = {
				LastSwiftUpdateCheck = 1010;
				LastUpgradeCheck = 1010;
				ORGANIZATIONNAME = CJ;
				TargetAttributes = {
					23FE8BE222523B5700217916 = {
						CreatedOnToolsVersion = 10.1;
					};
					23FE8BF622523B5900217916 = {
						CreatedOnToolsVersion = 10.1;
						TestTargetID = 23FE8BE222523B5700217916;
					};
					23FE8C0122523B5900217916 = {
						CreatedOnToolsVersion = 10.1;
						TestTargetID = 23FE8BE222523B5700217916;
					};
				};
			};
			buildConfigurationList = 23FE8BDE22523B5700217916 /* Build configuration list for PBXProject "Apple Pie" */;
			compatibilityVersion = "Xcode 9.3";
			developmentRegion = en;
			hasScannedForEncodings = 0;
			knownRegions = (
				en,
				Base,
			);
			mainGroup = 23FE8BDA22523B5700217916;
			productRefGroup = 23FE8BE422523B5700217916 /* Products */;
			projectDirPath = "";
			projectRoot = "";
			targets = (
				23FE8BE222523B5700217916 /* Apple Pie */,
				23FE8BF622523B5900217916 /* Apple PieTests */,
				23FE8C0122523B5900217916 /* Apple PieUITests */,
			);
		};
/* End PBXProject section */

/* Begin PBXResourcesBuildPhase section */
		23FE8BE122523B5700217916 /* Resources */ = {
			isa = PBXResourcesBuildPhase;
			buildActionMask = 2147483647;
			files = (
				23FE8BF122523B5900217916 /* LaunchScreen.storyboard in Resources */,
				23FE8BEE22523B5900217916 /* Assets.xcassets in Resources */,
				23FE8BEC22523B5700217916 /* Main.storyboard in Resources */,
			);
			runOnlyForDeploymentPostprocessing = 0;
		};
		23FE8BF522523B5900217916 /* Resources */ = {
			isa = PBXResourcesBuildPhase;
			buildActionMask = 2147483647;
			files = (
			);
			runOnlyForDeploymentPostprocessing = 0;
		};
		23FE8C0022523B5900217916 /* Resources */ = {
			isa = PBXResourcesBuildPhase;
			buildActionMask = 2147483647;
			files = (
			);
			runOnlyForDeploymentPostprocessing = 0;
		};
/* End PBXResourcesBuildPhase section */

/* Begin PBXSourcesBuildPhase section */
		23FE8BDF22523B5700217916 /* Sources */ = {
			isa = PBXSourcesBuildPhase;
			buildActionMask = 2147483647;
			files = (
				23FE8BE922523B5700217916 /* ViewController.swift in Sources */,
				23AA87222257CB300052B3B9 /* Game.swift in Sources */,
				23FE8BE722523B5700217916 /* AppDelegate.swift in Sources */,
			);
			runOnlyForDeploymentPostprocessing = 0;
		};
		23FE8BF322523B5900217916 /* Sources */ = {
			isa = PBXSourcesBuildPhase;
			buildActionMask = 2147483647;
			files = (
				23FE8BFC22523B5900217916 /* Apple_PieTests.swift in Sources */,
			);
			runOnlyForDeploymentPostprocessing = 0;
		};
		23FE8BFE22523B5900217916 /* Sources */ = {
			isa = PBXSourcesBuildPhase;
			buildActionMask = 2147483647;
			files = (
				23FE8C0722523B5900217916 /* Apple_PieUITests.swift in Sources */,
			);
			runOnlyForDeploymentPostprocessing = 0;
		};
/* End PBXSourcesBuildPhase section */

/* Begin PBXTargetDependency section */
		23FE8BF922523B5900217916 /* PBXTargetDependency */ = {
			isa = PBXTargetDependency;
			target = 23FE8BE222523B5700217916 /* Apple Pie */;
			targetProxy = 23FE8BF822523B5900217916 /* PBXContainerItemProxy */;
		};
		23FE8C0422523B5900217916 /* PBXTargetDependency */ = {
			isa = PBXTargetDependency;
			target = 23FE8BE222523B5700217916 /* Apple Pie */;
			targetProxy = 23FE8C0322523B5900217916 /* PBXContainerItemProxy */;
		};
/* End PBXTargetDependency section */

/* Begin PBXVariantGroup section */
		23FE8BEA22523B5700217916 /* Main.storyboard */ = {
			isa = PBXVariantGroup;
			children = (
				23FE8BEB22523B5700217916 /* Base */,
			);
			name = Main.storyboard;
			sourceTree = "<group>";
		};
		23FE8BEF22523B5900217916 /* LaunchScreen.storyboard */ = {
			isa = PBXVariantGroup;
			children = (
				23FE8BF022523B5900217916 /* Base */,
			);
			name = LaunchScreen.storyboard;
			sourceTree = "<group>";
		};
/* End PBXVariantGroup section */

/* Begin XCBuildConfiguration section */
		23FE8C0922523B5900217916 /* Debug */ = {
			isa = XCBuildConfiguration;
			buildSettings = {
				ALWAYS_SEARCH_USER_PATHS = NO;
				CLANG_ANALYZER_NONNULL = YES;
				CLANG_ANALYZER_NUMBER_OBJECT_CONVERSION = YES_AGGRESSIVE;
				CLANG_CXX_LANGUAGE_STANDARD = "gnu++14";
				CLANG_CXX_LIBRARY = "libc++";
				CLANG_ENABLE_MODULES = YES;
				CLANG_ENABLE_OBJC_ARC = YES;
				CLANG_ENABLE_OBJC_WEAK = YES;
				CLANG_WARN_BLOCK_CAPTURE_AUTORELEASING = YES;
				CLANG_WARN_BOOL_CONVERSION = YES;
				CLANG_WARN_COMMA = YES;
				CLANG_WARN_CONSTANT_CONVERSION = YES;
				CLANG_WARN_DEPRECATED_OBJC_IMPLEMENTATIONS = YES;
				CLANG_WARN_DIRECT_OBJC_ISA_USAGE = YES_ERROR;
				CLANG_WARN_DOCUMENTATION_COMMENTS = YES;
				CLANG_WARN_EMPTY_BODY = YES;
				CLANG_WARN_ENUM_CONVERSION = YES;
				CLANG_WARN_INFINITE_RECURSION = YES;
				CLANG_WARN_INT_CONVERSION = YES;
				CLANG_WARN_NON_LITERAL_NULL_CONVERSION = YES;
				CLANG_WARN_OBJC_IMPLICIT_RETAIN_SELF = YES;
				CLANG_WARN_OBJC_LITERAL_CONVERSION = YES;
				CLANG_WARN_OBJC_ROOT_CLASS = YES_ERROR;
				CLANG_WARN_RANGE_LOOP_ANALYSIS = YES;
				CLANG_WARN_STRICT_PROTOTYPES = YES;
				CLANG_WARN_SUSPICIOUS_MOVE = YES;
				CLANG_WARN_UNGUARDED_AVAILABILITY = YES_AGGRESSIVE;
				CLANG_WARN_UNREACHABLE_CODE = YES;
				CLANG_WARN__DUPLICATE_METHOD_MATCH = YES;
				CODE_SIGN_IDENTITY = "iPhone Developer";
				COPY_PHASE_STRIP = NO;
				DEBUG_INFORMATION_FORMAT = dwarf;
				ENABLE_STRICT_OBJC_MSGSEND = YES;
				ENABLE_TESTABILITY = YES;
				GCC_C_LANGUAGE_STANDARD = gnu11;
				GCC_DYNAMIC_NO_PIC = NO;
				GCC_NO_COMMON_BLOCKS = YES;
				GCC_OPTIMIZATION_LEVEL = 0;
				GCC_PREPROCESSOR_DEFINITIONS = (
					"DEBUG=1",
					"$(inherited)",
				);
				GCC_WARN_64_TO_32_BIT_CONVERSION = YES;
				GCC_WARN_ABOUT_RETURN_TYPE = YES_ERROR;
				GCC_WARN_UNDECLARED_SELECTOR = YES;
				GCC_WARN_UNINITIALIZED_AUTOS = YES_AGGRESSIVE;
				GCC_WARN_UNUSED_FUNCTION = YES;
				GCC_WARN_UNUSED_VARIABLE = YES;
				IPHONEOS_DEPLOYMENT_TARGET = 12.1;
				MTL_ENABLE_DEBUG_INFO = INCLUDE_SOURCE;
				MTL_FAST_MATH = YES;
				ONLY_ACTIVE_ARCH = YES;
				SDKROOT = iphoneos;
				SWIFT_ACTIVE_COMPILATION_CONDITIONS = DEBUG;
				SWIFT_OPTIMIZATION_LEVEL = "-Onone";
			};
			name = Debug;
		};
		23FE8C0A22523B5900217916 /* Release */ = {
			isa = XCBuildConfiguration;
			buildSettings = {
				ALWAYS_SEARCH_USER_PATHS = NO;
				CLANG_ANALYZER_NONNULL = YES;
				CLANG_ANALYZER_NUMBER_OBJECT_CONVERSION = YES_AGGRESSIVE;
				CLANG_CXX_LANGUAGE_STANDARD = "gnu++14";
				CLANG_CXX_LIBRARY = "libc++";
				CLANG_ENABLE_MODULES = YES;
				CLANG_ENABLE_OBJC_ARC = YES;
				CLANG_ENABLE_OBJC_WEAK = YES;
				CLANG_WARN_BLOCK_CAPTURE_AUTORELEASING = YES;
				CLANG_WARN_BOOL_CONVERSION = YES;
				CLANG_WARN_COMMA = YES;
				CLANG_WARN_CONSTANT_CONVERSION = YES;
				CLANG_WARN_DEPRECATED_OBJC_IMPLEMENTATIONS = YES;
				CLANG_WARN_DIRECT_OBJC_ISA_USAGE = YES_ERROR;
				CLANG_WARN_DOCUMENTATION_COMMENTS = YES;
				CLANG_WARN_EMPTY_BODY = YES;
				CLANG_WARN_ENUM_CONVERSION = YES;
				CLANG_WARN_INFINITE_RECURSION = YES;
				CLANG_WARN_INT_CONVERSION = YES;
				CLANG_WARN_NON_LITERAL_NULL_CONVERSION = YES;
				CLANG_WARN_OBJC_IMPLICIT_RETAIN_SELF = YES;
				CLANG_WARN_OBJC_LITERAL_CONVERSION = YES;
				CLANG_WARN_OBJC_ROOT_CLASS = YES_ERROR;
				CLANG_WARN_RANGE_LOOP_ANALYSIS = YES;
				CLANG_WARN_STRICT_PROTOTYPES = YES;
				CLANG_WARN_SUSPICIOUS_MOVE = YES;
				CLANG_WARN_UNGUARDED_AVAILABILITY = YES_AGGRESSIVE;
				CLANG_WARN_UNREACHABLE_CODE = YES;
				CLANG_WARN__DUPLICATE_METHOD_MATCH = YES;
				CODE_SIGN_IDENTITY = "iPhone Developer";
				COPY_PHASE_STRIP = NO;
				DEBUG_INFORMATION_FORMAT = "dwarf-with-dsym";
				ENABLE_NS_ASSERTIONS = NO;
				ENABLE_STRICT_OBJC_MSGSEND = YES;
				GCC_C_LANGUAGE_STANDARD = gnu11;
				GCC_NO_COMMON_BLOCKS = YES;
				GCC_WARN_64_TO_32_BIT_CONVERSION = YES;
				GCC_WARN_ABOUT_RETURN_TYPE = YES_ERROR;
				GCC_WARN_UNDECLARED_SELECTOR = YES;
				GCC_WARN_UNINITIALIZED_AUTOS = YES_AGGRESSIVE;
				GCC_WARN_UNUSED_FUNCTION = YES;
				GCC_WARN_UNUSED_VARIABLE = YES;
				IPHONEOS_DEPLOYMENT_TARGET = 12.1;
				MTL_ENABLE_DEBUG_INFO = NO;
				MTL_FAST_MATH = YES;
				SDKROOT = iphoneos;
				SWIFT_COMPILATION_MODE = wholemodule;
				SWIFT_OPTIMIZATION_LEVEL = "-O";
				VALIDATE_PRODUCT = YES;
			};
			name = Release;
		};
		23FE8C0C22523B5900217916 /* Debug */ = {
			isa = XCBuildConfiguration;
			buildSettings = {
				ASSETCATALOG_COMPILER_APPICON_NAME = AppIcon;
				CODE_SIGN_STYLE = Automatic;
				INFOPLIST_FILE = "Apple Pie/Info.plist";
				LD_RUNPATH_SEARCH_PATHS = (
					"$(inherited)",
					"@executable_path/Frameworks",
				);
				PRODUCT_BUNDLE_IDENTIFIER = "org.ssfs.Apple-Pie";
				PRODUCT_NAME = "$(TARGET_NAME)";
				SWIFT_VERSION = 4.2;
				TARGETED_DEVICE_FAMILY = 2;
			};
			name = Debug;
		};
		23FE8C0D22523B5900217916 /* Release */ = {
			isa = XCBuildConfiguration;
			buildSettings = {
				ASSETCATALOG_COMPILER_APPICON_NAME = AppIcon;
				CODE_SIGN_STYLE = Automatic;
				INFOPLIST_FILE = "Apple Pie/Info.plist";
				LD_RUNPATH_SEARCH_PATHS = (
					"$(inherited)",
					"@executable_path/Frameworks",
				);
				PRODUCT_BUNDLE_IDENTIFIER = "org.ssfs.Apple-Pie";
				PRODUCT_NAME = "$(TARGET_NAME)";
				SWIFT_VERSION = 4.2;
				TARGETED_DEVICE_FAMILY = 2;
			};
			name = Release;
		};
		23FE8C0F22523B5900217916 /* Debug */ = {
			isa = XCBuildConfiguration;
			buildSettings = {
				ALWAYS_EMBED_SWIFT_STANDARD_LIBRARIES = YES;
				BUNDLE_LOADER = "$(TEST_HOST)";
				CODE_SIGN_STYLE = Automatic;
				INFOPLIST_FILE = "Apple PieTests/Info.plist";
				LD_RUNPATH_SEARCH_PATHS = (
					"$(inherited)",
					"@executable_path/Frameworks",
					"@loader_path/Frameworks",
				);
				PRODUCT_BUNDLE_IDENTIFIER = "org.ssfs.Apple-PieTests";
				PRODUCT_NAME = "$(TARGET_NAME)";
				SWIFT_VERSION = 4.2;
				TARGETED_DEVICE_FAMILY = "1,2";
				TEST_HOST = "$(BUILT_PRODUCTS_DIR)/Apple Pie.app/Apple Pie";
			};
			name = Debug;
		};
		23FE8C1022523B5900217916 /* Release */ = {
			isa = XCBuildConfiguration;
			buildSettings = {
				ALWAYS_EMBED_SWIFT_STANDARD_LIBRARIES = YES;
				BUNDLE_LOADER = "$(TEST_HOST)";
				CODE_SIGN_STYLE = Automatic;
				INFOPLIST_FILE = "Apple PieTests/Info.plist";
				LD_RUNPATH_SEARCH_PATHS = (
					"$(inherited)",
					"@executable_path/Frameworks",
					"@loader_path/Frameworks",
				);
				PRODUCT_BUNDLE_IDENTIFIER = "org.ssfs.Apple-PieTests";
				PRODUCT_NAME = "$(TARGET_NAME)";
				SWIFT_VERSION = 4.2;
				TARGETED_DEVICE_FAMILY = "1,2";
				TEST_HOST = "$(BUILT_PRODUCTS_DIR)/Apple Pie.app/Apple Pie";
			};
			name = Release;
		};
		23FE8C1222523B5900217916 /* Debug */ = {
			isa = XCBuildConfiguration;
			buildSettings = {
				ALWAYS_EMBED_SWIFT_STANDARD_LIBRARIES = YES;
				CODE_SIGN_STYLE = Automatic;
				INFOPLIST_FILE = "Apple PieUITests/Info.plist";
				LD_RUNPATH_SEARCH_PATHS = (
					"$(inherited)",
					"@executable_path/Frameworks",
					"@loader_path/Frameworks",
				);
				PRODUCT_BUNDLE_IDENTIFIER = "org.ssfs.Apple-PieUITests";
				PRODUCT_NAME = "$(TARGET_NAME)";
				SWIFT_VERSION = 4.2;
				TARGETED_DEVICE_FAMILY = "1,2";
				TEST_TARGET_NAME = "Apple Pie";
			};
			name = Debug;
		};
		23FE8C1322523B5900217916 /* Release */ = {
			isa = XCBuildConfiguration;
			buildSettings = {
				ALWAYS_EMBED_SWIFT_STANDARD_LIBRARIES = YES;
				CODE_SIGN_STYLE = Automatic;
				INFOPLIST_FILE = "Apple PieUITests/Info.plist";
				LD_RUNPATH_SEARCH_PATHS = (
					"$(inherited)",
					"@executable_path/Frameworks",
					"@loader_path/Frameworks",
				);
				PRODUCT_BUNDLE_IDENTIFIER = "org.ssfs.Apple-PieUITests";
				PRODUCT_NAME = "$(TARGET_NAME)";
				SWIFT_VERSION = 4.2;
				TARGETED_DEVICE_FAMILY = "1,2";
				TEST_TARGET_NAME = "Apple Pie";
			};
			name = Release;
		};
/* End XCBuildConfiguration section */

/* Begin XCConfigurationList section */
		23FE8BDE22523B5700217916 /* Build configuration list for PBXProject "Apple Pie" */ = {
			isa = XCConfigurationList;
			buildConfigurations = (
				23FE8C0922523B5900217916 /* Debug */,
				23FE8C0A22523B5900217916 /* Release */,
			);
			defaultConfigurationIsVisible = 0;
			defaultConfigurationName = Release;
		};
		23FE8C0B22523B5900217916 /* Build configuration list for PBXNativeTarget "Apple Pie" */ = {
			isa = XCConfigurationList;
			buildConfigurations = (
				23FE8C0C22523B5900217916 /* Debug */,
				23FE8C0D22523B5900217916 /* Release */,
			);
			defaultConfigurationIsVisible = 0;
			defaultConfigurationName = Release;
		};
		23FE8C0E22523B5900217916 /* Build configuration list for PBXNativeTarget "Apple PieTests" */ = {
			isa = XCConfigurationList;
			buildConfigurations = (
				23FE8C0F22523B5900217916 /* Debug */,
				23FE8C1022523B5900217916 /* Release */,
			);
			defaultConfigurationIsVisible = 0;
			defaultConfigurationName = Release;
		};
		23FE8C1122523B5900217916 /* Build configuration list for PBXNativeTarget "Apple PieUITests" */ = {
			isa = XCConfigurationList;
			buildConfigurations = (
				23FE8C1222523B5900217916 /* Debug */,
				23FE8C1322523B5900217916 /* Release */,
			);
			defaultConfigurationIsVisible = 0;
			defaultConfigurationName = Release;
		};
/* End XCConfigurationList section */
	};
	rootObject = 23FE8BDB22523B5700217916 /* Project object */;
}
